
Microsoft Visual Studio Solution File, Format Version 12.00
# Visual Studio 14
VisualStudioVersion = 14.0.25420.1
MinimumVisualStudioVersion = 10.0.40219.1
Project("{FAE04EC0-301F-11D3-BF4B-00C04F79EFBC}") = "Logic", "Logic\Logic.csproj", "{92BBA177-15F0-45AD-B9C1-4182C9706298}"
EndProject
Project("{FAE04EC0-301F-11D3-BF4B-00C04F79EFBC}") = "IQToolkit", "Dependencies\IQToolkit\src\IQToolkit\IQToolkit.csproj", "{0DA62A7C-3B40-456F-A4B2-B3E19ED4080E}"
EndProject
Project("{FAE04EC0-301F-11D3-BF4B-00C04F79EFBC}") = "Logic.Tests", "Logic.Tests\Logic.Tests.csproj", "{CF5D2CF3-A6FF-4ABC-AA7F-A745A69FFD01}"
EndProject
Global
	GlobalSection(SolutionConfigurationPlatforms) = preSolution
		Debug|Any CPU = Debug|Any CPU
		Release|Any CPU = Release|Any CPU
	EndGlobalSection
	GlobalSection(ProjectConfigurationPlatforms) = postSolution
		{92BBA177-15F0-45AD-B9C1-4182C9706298}.Debug|Any CPU.ActiveCfg = Debug|Any CPU
		{92BBA177-15F0-45AD-B9C1-4182C9706298}.Debug|Any CPU.Build.0 = Debug|Any CPU
		{92BBA177-15F0-45AD-B9C1-4182C9706298}.Release|Any CPU.ActiveCfg = Release|Any CPU
		{92BBA177-15F0-45AD-B9C1-4182C9706298}.Release|Any CPU.Build.0 = Release|Any CPU
		{0DA62A7C-3B40-456F-A4B2-B3E19ED4080E}.Debug|Any CPU.ActiveCfg = Debug|Any CPU
		{0DA62A7C-3B40-456F-A4B2-B3E19ED4080E}.Debug|Any CPU.Build.0 = Debug|Any CPU
		{0DA62A7C-3B40-456F-A4B2-B3E19ED4080E}.Release|Any CPU.ActiveCfg = Release|Any CPU
		{0DA62A7C-3B40-456F-A4B2-B3E19ED4080E}.Release|Any CPU.Build.0 = Release|Any CPU
		{CF5D2CF3-A6FF-4ABC-AA7F-A745A69FFD01}.Debug|Any CPU.ActiveCfg = Debug|Any CPU
		{CF5D2CF3-A6FF-4ABC-AA7F-A745A69FFD01}.Debug|Any CPU.Build.0 = Debug|Any CPU
		{CF5D2CF3-A6FF-4ABC-AA7F-A745A69FFD01}.Release|Any CPU.ActiveCfg = Release|Any CPU
		{CF5D2CF3-A6FF-4ABC-AA7F-A745A69FFD01}.Release|Any CPU.Build.0 = Release|Any CPU
	EndGlobalSection
	GlobalSection(SolutionProperties) = preSolution
		HideSolutionNode = FALSE
	EndGlobalSection
EndGlobal
